// !$*UTF8*$!
{
	archiveVersion = 1;
	classes = {
	};
	objectVersion = 50;
	objects = {

/* Begin PBXBuildFile section */
		CA4FFAFF26297FCD00FF9920 /* AppDelegate.swift in Sources */ = {isa = PBXBuildFile; fileRef = CA4FFAFE26297FCD00FF9920 /* AppDelegate.swift */; };
		CA4FFB0126297FCD00FF9920 /* SceneDelegate.swift in Sources */ = {isa = PBXBuildFile; fileRef = CA4FFB0026297FCD00FF9920 /* SceneDelegate.swift */; };
		CA4FFB0326297FCD00FF9920 /* ViewController.swift in Sources */ = {isa = PBXBuildFile; fileRef = CA4FFB0226297FCD00FF9920 /* ViewController.swift */; };
		CA4FFB0626297FCD00FF9920 /* Main.storyboard in Resources */ = {isa = PBXBuildFile; fileRef = CA4FFB0426297FCD00FF9920 /* Main.storyboard */; };
		CA4FFB0826297FCF00FF9920 /* Assets.xcassets in Resources */ = {isa = PBXBuildFile; fileRef = CA4FFB0726297FCF00FF9920 /* Assets.xcassets */; };
		CA4FFB0B26297FCF00FF9920 /* LaunchScreen.storyboard in Resources */ = {isa = PBXBuildFile; fileRef = CA4FFB0926297FCF00FF9920 /* LaunchScreen.storyboard */; };
/* End PBXBuildFile section */

/* Begin PBXFileReference section */
		CA4FFAFB26297FCD00FF9920 /* Project 2.app */ = {isa = PBXFileReference; explicitFileType = wrapper.application; includeInIndex = 0; path = "Project 2.app"; sourceTree = BUILT_PRODUCTS_DIR; };
		CA4FFAFE26297FCD00FF9920 /* AppDelegate.swift */ = {isa = PBXFileReference; lastKnownFileType = sourcecode.swift; path = AppDelegate.swift; sourceTree = "<group>"; };
		CA4FFB0026297FCD00FF9920 /* SceneDelegate.swift */ = {isa = PBXFileReference; lastKnownFileType = sourcecode.swift; path = SceneDelegate.swift; sourceTree = "<group>"; };
		CA4FFB0226297FCD00FF9920 /* ViewController.swift */ = {isa = PBXFileReference; lastKnownFileType = sourcecode.swift; path = ViewController.swift; sourceTree = "<group>"; };
		CA4FFB0526297FCD00FF9920 /* Base */ = {isa = PBXFileReference; lastKnownFileType = file.storyboard; name = Base; path = Base.lproj/Main.storyboard; sourceTree = "<group>"; };
		CA4FFB0726297FCF00FF9920 /* Assets.xcassets */ = {isa = PBXFileReference; lastKnownFileType = folder.assetcatalog; path = Assets.xcassets; sourceTree = "<group>"; };
		CA4FFB0A26297FCF00FF9920 /* Base */ = {isa = PBXFileReference; lastKnownFileType = file.storyboard; name = Base; path = Base.lproj/LaunchScreen.storyboard; sourceTree = "<group>"; };
		CA4FFB0C26297FCF00FF9920 /* Info.plist */ = {isa = PBXFileReference; lastKnownFileType = text.plist.xml; path = Info.plist; sourceTree = "<group>"; };
/* End PBXFileReference section */

/* Begin PBXFrameworksBuildPhase section */
		CA4FFAF826297FCD00FF9920 /* Frameworks */ = {
			isa = PBXFrameworksBuildPhase;
			buildActionMask = 2147483647;
			files = (
			);
			runOnlyForDeploymentPostprocessing = 0;
		};
/* End PBXFrameworksBuildPhase section */

/* Begin PBXGroup section */
		CA4FFAF226297FCC00FF9920 = {
			isa = PBXGroup;
			children = (
				CA4FFAFD26297FCD00FF9920 /* Project 2 */,
				CA4FFAFC26297FCD00FF9920 /* Products */,
			);
			sourceTree = "<group>";
		};
		CA4FFAFC26297FCD00FF9920 /* Products */ = {
			isa = PBXGroup;
			children = (
				CA4FFAFB26297FCD00FF9920 /* Project 2.app */,
			);
			name = Products;
			sourceTree = "<group>";
		};
		CA4FFAFD26297FCD00FF9920 /* Project 2 */ = {
			isa = PBXGroup;
			children = (
				CA4FFAFE26297FCD00FF9920 /* AppDelegate.swift */,
				CA4FFB0026297FCD00FF9920 /* SceneDelegate.swift */,
				CA4FFB0226297FCD00FF9920 /* ViewController.swift */,
				CA4FFB0426297FCD00FF9920 /* Main.storyboard */,
				CA4FFB0726297FCF00FF9920 /* Assets.xcassets */,
				CA4FFB0926297FCF00FF9920 /* LaunchScreen.storyboard */,
				CA4FFB0C26297FCF00FF9920 /* Info.plist */,
			);
			path = "Project 2";
			sourceTree = "<group>";
		};
/* End PBXGroup section */

/* Begin PBXNativeTarget section */
		CA4FFAFA26297FCD00FF9920 /* Project 2 */ = {
			isa = PBXNativeTarget;
			buildConfigurationList = CA4FFB0F26297FCF00FF9920 /* Build configuration list for PBXNativeTarget "Project 2" */;
			buildPhases = (
				CA4FFAF726297FCD00FF9920 /* Sources */,
				CA4FFAF826297FCD00FF9920 /* Frameworks */,
				CA4FFAF926297FCD00FF9920 /* Resources */,
			);
			buildRules = (
			);
			dependencies = (
			);
			name = "Project 2";
			productName = "Project 2";
			productReference = CA4FFAFB26297FCD00FF9920 /* Project 2.app */;
			productType = "com.apple.product-type.application";
		};
/* End PBXNativeTarget section */

/* Begin PBXProject section */
		CA4FFAF326297FCC00FF9920 /* Project object */ = {
			isa = PBXProject;
			attributes = {
				LastSwiftUpdateCheck = 1240;
				LastUpgradeCheck = 1240;
				TargetAttributes = {
					CA4FFAFA26297FCD00FF9920 = {
						CreatedOnToolsVersion = 12.4;
					};
				};
			};
			buildConfigurationList = CA4FFAF626297FCD00FF9920 /* Build configuration list for PBXProject "Project 2" */;
			compatibilityVersion = "Xcode 9.3";
			developmentRegion = en;
			hasScannedForEncodings = 0;
			knownRegions = (
				en,
				Base,
			);
			mainGroup = CA4FFAF226297FCC00FF9920;
			productRefGroup = CA4FFAFC26297FCD00FF9920 /* Products */;
			projectDirPath = "";
			projectRoot = "";
			targets = (
				CA4FFAFA26297FCD00FF9920 /* Project 2 */,
			);
		};
/* End PBXProject section */

/* Begin PBXResourcesBuildPhase section */
		CA4FFAF926297FCD00FF9920 /* Resources */ = {
			isa = PBXResourcesBuildPhase;
			buildActionMask = 2147483647;
			files = (
				CA4FFB0B26297FCF00FF9920 /* LaunchScreen.storyboard in Resources */,
				CA4FFB0826297FCF00FF9920 /* Assets.xcassets in Resources */,
				CA4FFB0626297FCD00FF9920 /* Main.storyboard in Resources */,
			);
			runOnlyForDeploymentPostprocessing = 0;
		};
/* End PBXResourcesBuildPhase section */

/* Begin PBXSourcesBuildPhase section */
		CA4FFAF726297FCD00FF9920 /* Sources */ = {
			isa = PBXSourcesBuildPhase;
			buildActionMask = 2147483647;
			files = (
				CA4FFB0326297FCD00FF9920 /* ViewController.swift in Sources */,
				CA4FFAFF26297FCD00FF9920 /* AppDelegate.swift in Sources */,
				CA4FFB0126297FCD00FF9920 /* SceneDelegate.swift in Sources */,
			);
			runOnlyForDeploymentPostprocessing = 0;
		};
/* End PBXSourcesBuildPhase section */

/* Begin PBXVariantGroup section */
		CA4FFB0426297FCD00FF9920 /* Main.storyboard */ = {
			isa = PBXVariantGroup;
			children = (
				CA4FFB0526297FCD00FF9920 /* Base */,
			);
			name = Main.storyboard;
			sourceTree = "<group>";
		};
		CA4FFB0926297FCF00FF9920 /* LaunchScreen.storyboard */ = {
			isa = PBXVariantGroup;
			children = (
				CA4FFB0A26297FCF00FF9920 /* Base */,
			);
			name = LaunchScreen.storyboard;
			sourceTree = "<group>";
		};
/* End PBXVariantGroup section */

/* Begin XCBuildConfiguration section */
		CA4FFB0D26297FCF00FF9920 /* Debug */ = {
			isa = XCBuildConfiguration;
			buildSettings = {
				ALWAYS_SEARCH_USER_PATHS = NO;
				CLANG_ANALYZER_NONNULL = YES;
				CLANG_ANALYZER_NUMBER_OBJECT_CONVERSION = YES_AGGRESSIVE;
				CLANG_CXX_LANGUAGE_STANDARD = "gnu++14";
				CLANG_CXX_LIBRARY = "libc++";
				CLANG_ENABLE_MODULES = YES;
				CLANG_ENABLE_OBJC_ARC = YES;
				CLANG_ENABLE_OBJC_WEAK = YES;
				CLANG_WARN_BLOCK_CAPTURE_AUTORELEASING = YES;
				CLANG_WARN_BOOL_CONVERSION = YES;
				CLANG_WARN_COMMA = YES;
				CLANG_WARN_CONSTANT_CONVERSION = YES;
				CLANG_WARN_DEPRECATED_OBJC_IMPLEMENTATIONS = YES;
				CLANG_WARN_DIRECT_OBJC_ISA_USAGE = YES_ERROR;
				CLANG_WARN_DOCUMENTATION_COMMENTS = YES;
				CLANG_WARN_EMPTY_BODY = YES;
				CLANG_WARN_ENUM_CONVERSION = YES;
				CLANG_WARN_INFINITE_RECURSION = YES;
				CLANG_WARN_INT_CONVERSION = YES;
				CLANG_WARN_NON_LITERAL_NULL_CONVERSION = YES;
				CLANG_WARN_OBJC_IMPLICIT_RETAIN_SELF = YES;
				CLANG_WARN_OBJC_LITERAL_CONVERSION = YES;
				CLANG_WARN_OBJC_ROOT_CLASS = YES_ERROR;
				CLANG_WARN_QUOTED_INCLUDE_IN_FRAMEWORK_HEADER = YES;
				CLANG_WARN_RANGE_LOOP_ANALYSIS = YES;
				CLANG_WARN_STRICT_PROTOTYPES = YES;
				CLANG_WARN_SUSPICIOUS_MOVE = YES;
				CLANG_WARN_UNGUARDED_AVAILABILITY = YES_AGGRESSIVE;
				CLANG_WARN_UNREACHABLE_CODE = YES;
				CLANG_WARN__DUPLICATE_METHOD_MATCH = YES;
				COPY_PHASE_STRIP = NO;
				DEBUG_INFORMATION_FORMAT = dwarf;
				ENABLE_STRICT_OBJC_MSGSEND = YES;
				ENABLE_TESTABILITY = YES;
				GCC_C_LANGUAGE_STANDARD = gnu11;
				GCC_DYNAMIC_NO_PIC = NO;
				GCC_NO_COMMON_BLOCKS = YES;
				GCC_OPTIMIZATION_LEVEL = 0;
				GCC_PREPROCESSOR_DEFINITIONS = (
					"DEBUG=1",
					"$(inherited)",
				);
				GCC_WARN_64_TO_32_BIT_CONVERSION = YES;
				GCC_WARN_ABOUT_RETURN_TYPE = YES_ERROR;
				GCC_WARN_UNDECLARED_SELECTOR = YES;
				GCC_WARN_UNINITIALIZED_AUTOS = YES_AGGRESSIVE;
				GCC_WARN_UNUSED_FUNCTION = YES;
				GCC_WARN_UNUSED_VARIABLE = YES;
				IPHONEOS_DEPLOYMENT_TARGET = 14.4;
				MTL_ENABLE_DEBUG_INFO = INCLUDE_SOURCE;
				MTL_FAST_MATH = YES;
				ONLY_ACTIVE_ARCH = YES;
				SDKROOT = iphoneos;
				SWIFT_ACTIVE_COMPILATION_CONDITIONS = DEBUG;
				SWIFT_OPTIMIZATION_LEVEL = "-Onone";
			};
			name = Debug;
		};
		CA4FFB0E26297FCF00FF9920 /* Release */ = {
			isa = XCBuildConfiguration;
			buildSettings = {
				ALWAYS_SEARCH_USER_PATHS = NO;
				CLANG_ANALYZER_NONNULL = YES;
				CLANG_ANALYZER_NUMBER_OBJECT_CONVERSION = YES_AGGRESSIVE;
				CLANG_CXX_LANGUAGE_STANDARD = "gnu++14";
				CLANG_CXX_LIBRARY = "libc++";
				CLANG_ENABLE_MODULES = YES;
				CLANG_ENABLE_OBJC_ARC = YES;
				CLANG_ENABLE_OBJC_WEAK = YES;
				CLANG_WARN_BLOCK_CAPTURE_AUTORELEASING = YES;
				CLANG_WARN_BOOL_CONVERSION = YES;
				CLANG_WARN_COMMA = YES;
				CLANG_WARN_CONSTANT_CONVERSION = YES;
				CLANG_WARN_DEPRECATED_OBJC_IMPLEMENTATIONS = YES;
				CLANG_WARN_DIRECT_OBJC_ISA_USAGE = YES_ERROR;
				CLANG_WARN_DOCUMENTATION_COMMENTS = YES;
				CLANG_WARN_EMPTY_BODY = YES;
				CLANG_WARN_ENUM_CONVERSION = YES;
				CLANG_WARN_INFINITE_RECURSION = YES;
				CLANG_WARN_INT_CONVERSION = YES;
				CLANG_WARN_NON_LITERAL_NULL_CONVERSION = YES;
				CLANG_WARN_OBJC_IMPLICIT_RETAIN_SELF = YES;
				CLANG_WARN_OBJC_LITERAL_CONVERSION = YES;
				CLANG_WARN_OBJC_ROOT_CLASS = YES_ERROR;
				CLANG_WARN_QUOTED_INCLUDE_IN_FRAMEWORK_HEADER = YES;
				CLANG_WARN_RANGE_LOOP_ANALYSIS = YES;
				CLANG_WARN_STRICT_PROTOTYPES = YES;
				CLANG_WARN_SUSPICIOUS_MOVE = YES;
				CLANG_WARN_UNGUARDED_AVAILABILITY = YES_AGGRESSIVE;
				CLANG_WARN_UNREACHABLE_CODE = YES;
				CLANG_WARN__DUPLICATE_METHOD_MATCH = YES;
				COPY_PHASE_STRIP = NO;
				DEBUG_INFORMATION_FORMAT = "dwarf-with-dsym";
				ENABLE_NS_ASSERTIONS = NO;
				ENABLE_STRICT_OBJC_MSGSEND = YES;
				GCC_C_LANGUAGE_STANDARD = gnu11;
				GCC_NO_COMMON_BLOCKS = YES;
				GCC_WARN_64_TO_32_BIT_CONVERSION = YES;
				GCC_WARN_ABOUT_RETURN_TYPE = YES_ERROR;
				GCC_WARN_UNDECLARED_SELECTOR = YES;
				GCC_WARN_UNINITIALIZED_AUTOS = YES_AGGRESSIVE;
				GCC_WARN_UNUSED_FUNCTION = YES;
				GCC_WARN_UNUSED_VARIABLE = YES;
				IPHONEOS_DEPLOYMENT_TARGET = 14.4;
				MTL_ENABLE_DEBUG_INFO = NO;
				MTL_FAST_MATH = YES;
				SDKROOT = iphoneos;
				SWIFT_COMPILATION_MODE = wholemodule;
				SWIFT_OPTIMIZATION_LEVEL = "-O";
				VALIDATE_PRODUCT = YES;
			};
			name = Release;
		};
		CA4FFB1026297FCF00FF9920 /* Debug */ = {
			isa = XCBuildConfiguration;
			buildSettings = {
				ASSETCATALOG_COMPILER_APPICON_NAME = AppIcon;
				ASSETCATALOG_COMPILER_GLOBAL_ACCENT_COLOR_NAME = AccentColor;
				CODE_SIGN_STYLE = Automatic;
				INFOPLIST_FILE = "Project 2/Info.plist";
				LD_RUNPATH_SEARCH_PATHS = (
					"$(inherited)",
					"@executable_path/Frameworks",
				);
				PRODUCT_BUNDLE_IDENTIFIER = "squishy.Project-2";
				PRODUCT_NAME = "$(TARGET_NAME)";
				SWIFT_VERSION = 5.0;
				TARGETED_DEVICE_FAMILY = "1,2";
			};
			name = Debug;
		};
		CA4FFB1126297FCF00FF9920 /* Release */ = {
			isa = XCBuildConfiguration;
			buildSettings = {
				ASSETCATALOG_COMPILER_APPICON_NAME = AppIcon;
				ASSETCATALOG_COMPILER_GLOBAL_ACCENT_COLOR_NAME = AccentColor;
				CODE_SIGN_STYLE = Automatic;
				INFOPLIST_FILE = "Project 2/Info.plist";
				LD_RUNPATH_SEARCH_PATHS = (
					"$(inherited)",
					"@executable_path/Frameworks",
				);
				PRODUCT_BUNDLE_IDENTIFIER = "squishy.Project-2";
				PRODUCT_NAME = "$(TARGET_NAME)";
				SWIFT_VERSION = 5.0;
				TARGETED_DEVICE_FAMILY = "1,2";
			};
			name = Release;
		};
/* End XCBuildConfiguration section */

/* Begin XCConfigurationList section */
		CA4FFAF626297FCD00FF9920 /* Build configuration list for PBXProject "Project 2" */ = {
			isa = XCConfigurationList;
			buildConfigurations = (
				CA4FFB0D26297FCF00FF9920 /* Debug */,
				CA4FFB0E26297FCF00FF9920 /* Release */,
			);
			defaultConfigurationIsVisible = 0;
			defaultConfigurationName = Release;
		};
		CA4FFB0F26297FCF00FF9920 /* Build configuration list for PBXNativeTarget "Project 2" */ = {
			isa = XCConfigurationList;
			buildConfigurations = (
				CA4FFB1026297FCF00FF9920 /* Debug */,
				CA4FFB1126297FCF00FF9920 /* Release */,
			);
			defaultConfigurationIsVisible = 0;
			defaultConfigurationName = Release;
		};
/* End XCConfigurationList section */
	};
	rootObject = CA4FFAF326297FCC00FF9920 /* Project object */;
}
